// !$*UTF8*$!
{
	archiveVersion = 1;
	classes = {
	};
	objectVersion = 50;
	objects = {

/* Begin PBXBuildFile section */
		1E00FA9778F8A52AE8828743 /* libPods-LolayFundamenta.a in Frameworks */ = {isa = PBXBuildFile; fileRef = 8701DBC4A978E3347DB05E3E /* libPods-LolayFundamenta.a */; };
		2636BC0B0744D82F76A74661 /* libPods-LolayFundamenta-LolayFundamentaTests.a in Frameworks */ = {isa = PBXBuildFile; fileRef = D573669C4403495E3D0C30AC /* libPods-LolayFundamenta-LolayFundamentaTests.a */; };
		4E6479B52263A52800F63485 /* String+LolayFundamenta.swift in Sources */ = {isa = PBXBuildFile; fileRef = 4E6479B42263A52800F63485 /* String+LolayFundamenta.swift */; };
		4E6479B72263A59A00F63485 /* DispatchQueue+LolayFundamenta.swift in Sources */ = {isa = PBXBuildFile; fileRef = 4E6479B62263A59A00F63485 /* DispatchQueue+LolayFundamenta.swift */; };
		4E6479BB2263A9C700F63485 /* StringTests.swift in Sources */ = {isa = PBXBuildFile; fileRef = 4E6479BA2263A9C700F63485 /* StringTests.swift */; };
		4E6479BD2263AC1900F63485 /* DispatchQueueTests.swift in Sources */ = {isa = PBXBuildFile; fileRef = 4E6479BC2263AC1900F63485 /* DispatchQueueTests.swift */; };
		4ECB5C862232260B008D76EA /* LolayFundamenta.framework in Frameworks */ = {isa = PBXBuildFile; fileRef = 4ECB5C7C2232260B008D76EA /* LolayFundamenta.framework */; };
		4ECB5C8D2232260B008D76EA /* LolayFundamenta.h in Headers */ = {isa = PBXBuildFile; fileRef = 4ECB5C7F2232260B008D76EA /* LolayFundamenta.h */; settings = {ATTRIBUTES = (Public, ); }; };
		4EFC6D89226422D8006430C4 /* OSLog+LolayFundamenta.swift in Sources */ = {isa = PBXBuildFile; fileRef = 4EFC6D88226422D8006430C4 /* OSLog+LolayFundamenta.swift */; };
		4EFC6D8B22642662006430C4 /* OSLogTests.swift in Sources */ = {isa = PBXBuildFile; fileRef = 4EFC6D8A22642662006430C4 /* OSLogTests.swift */; };
/* End PBXBuildFile section */

/* Begin PBXContainerItemProxy section */
		4ECB5C872232260B008D76EA /* PBXContainerItemProxy */ = {
			isa = PBXContainerItemProxy;
			containerPortal = 4ECB5C732232260B008D76EA /* Project object */;
			proxyType = 1;
			remoteGlobalIDString = 4ECB5C7B2232260B008D76EA;
			remoteInfo = LolayFundamenta;
		};
/* End PBXContainerItemProxy section */

/* Begin PBXFileReference section */
		49980485D8FE3A5CB12ECA57 /* Pods-LolayFundamenta-LolayFundamentaTests.debug.xcconfig */ = {isa = PBXFileReference; includeInIndex = 1; lastKnownFileType = text.xcconfig; name = "Pods-LolayFundamenta-LolayFundamentaTests.debug.xcconfig"; path = "Target Support Files/Pods-LolayFundamenta-LolayFundamentaTests/Pods-LolayFundamenta-LolayFundamentaTests.debug.xcconfig"; sourceTree = "<group>"; };
		49ACBC6A1E298DDB6C7482D5 /* Pods-LolayFundamenta.debug.xcconfig */ = {isa = PBXFileReference; includeInIndex = 1; lastKnownFileType = text.xcconfig; name = "Pods-LolayFundamenta.debug.xcconfig"; path = "Target Support Files/Pods-LolayFundamenta/Pods-LolayFundamenta.debug.xcconfig"; sourceTree = "<group>"; };
		4E6479B022625ACB00F63485 /* LolayFundamenta.podspec */ = {isa = PBXFileReference; fileEncoding = 4; lastKnownFileType = text; path = LolayFundamenta.podspec; sourceTree = "<group>"; };
		4E6479B222625ADB00F63485 /* README.md */ = {isa = PBXFileReference; fileEncoding = 4; lastKnownFileType = net.daringfireball.markdown; path = README.md; sourceTree = "<group>"; };
		4E6479B42263A52800F63485 /* String+LolayFundamenta.swift */ = {isa = PBXFileReference; lastKnownFileType = sourcecode.swift; path = "String+LolayFundamenta.swift"; sourceTree = "<group>"; };
		4E6479B62263A59A00F63485 /* DispatchQueue+LolayFundamenta.swift */ = {isa = PBXFileReference; lastKnownFileType = sourcecode.swift; path = "DispatchQueue+LolayFundamenta.swift"; sourceTree = "<group>"; };
		4E6479BA2263A9C700F63485 /* StringTests.swift */ = {isa = PBXFileReference; lastKnownFileType = sourcecode.swift; path = StringTests.swift; sourceTree = "<group>"; };
		4E6479BC2263AC1900F63485 /* DispatchQueueTests.swift */ = {isa = PBXFileReference; lastKnownFileType = sourcecode.swift; path = DispatchQueueTests.swift; sourceTree = "<group>"; };
		4ECB5C7C2232260B008D76EA /* LolayFundamenta.framework */ = {isa = PBXFileReference; explicitFileType = wrapper.framework; includeInIndex = 0; path = LolayFundamenta.framework; sourceTree = BUILT_PRODUCTS_DIR; };
		4ECB5C7F2232260B008D76EA /* LolayFundamenta.h */ = {isa = PBXFileReference; lastKnownFileType = sourcecode.c.h; path = LolayFundamenta.h; sourceTree = "<group>"; };
		4ECB5C802232260B008D76EA /* Info.plist */ = {isa = PBXFileReference; lastKnownFileType = text.plist.xml; path = Info.plist; sourceTree = "<group>"; };
		4ECB5C852232260B008D76EA /* LolayFundamentaTests.xctest */ = {isa = PBXFileReference; explicitFileType = wrapper.cfbundle; includeInIndex = 0; path = LolayFundamentaTests.xctest; sourceTree = BUILT_PRODUCTS_DIR; };
		4ECB5C8C2232260B008D76EA /* Info.plist */ = {isa = PBXFileReference; lastKnownFileType = text.plist.xml; path = Info.plist; sourceTree = "<group>"; };
		4EFC6D88226422D8006430C4 /* OSLog+LolayFundamenta.swift */ = {isa = PBXFileReference; lastKnownFileType = sourcecode.swift; path = "OSLog+LolayFundamenta.swift"; sourceTree = "<group>"; };
		4EFC6D8A22642662006430C4 /* OSLogTests.swift */ = {isa = PBXFileReference; lastKnownFileType = sourcecode.swift; path = OSLogTests.swift; sourceTree = "<group>"; };
		690CE17324B417F0C0AB96C6 /* Pods-LolayFundamenta.release.xcconfig */ = {isa = PBXFileReference; includeInIndex = 1; lastKnownFileType = text.xcconfig; name = "Pods-LolayFundamenta.release.xcconfig"; path = "Target Support Files/Pods-LolayFundamenta/Pods-LolayFundamenta.release.xcconfig"; sourceTree = "<group>"; };
		8701DBC4A978E3347DB05E3E /* libPods-LolayFundamenta.a */ = {isa = PBXFileReference; explicitFileType = archive.ar; includeInIndex = 0; path = "libPods-LolayFundamenta.a"; sourceTree = BUILT_PRODUCTS_DIR; };
		B0A574855E71BEBC245B12D7 /* Pods-LolayFundamenta-LolayFundamentaTests.release.xcconfig */ = {isa = PBXFileReference; includeInIndex = 1; lastKnownFileType = text.xcconfig; name = "Pods-LolayFundamenta-LolayFundamentaTests.release.xcconfig"; path = "Target Support Files/Pods-LolayFundamenta-LolayFundamentaTests/Pods-LolayFundamenta-LolayFundamentaTests.release.xcconfig"; sourceTree = "<group>"; };
		D573669C4403495E3D0C30AC /* libPods-LolayFundamenta-LolayFundamentaTests.a */ = {isa = PBXFileReference; explicitFileType = archive.ar; includeInIndex = 0; path = "libPods-LolayFundamenta-LolayFundamentaTests.a"; sourceTree = BUILT_PRODUCTS_DIR; };
/* End PBXFileReference section */

/* Begin PBXFrameworksBuildPhase section */
		4ECB5C792232260B008D76EA /* Frameworks */ = {
			isa = PBXFrameworksBuildPhase;
			buildActionMask = 2147483647;
			files = (
				1E00FA9778F8A52AE8828743 /* libPods-LolayFundamenta.a in Frameworks */,
			);
			runOnlyForDeploymentPostprocessing = 0;
		};
		4ECB5C822232260B008D76EA /* Frameworks */ = {
			isa = PBXFrameworksBuildPhase;
			buildActionMask = 2147483647;
			files = (
				4ECB5C862232260B008D76EA /* LolayFundamenta.framework in Frameworks */,
				2636BC0B0744D82F76A74661 /* libPods-LolayFundamenta-LolayFundamentaTests.a in Frameworks */,
			);
			runOnlyForDeploymentPostprocessing = 0;
		};
/* End PBXFrameworksBuildPhase section */

/* Begin PBXGroup section */
		3C5B734B4DCE7D6316F6229B /* Pods */ = {
			isa = PBXGroup;
			children = (
				49ACBC6A1E298DDB6C7482D5 /* Pods-LolayFundamenta.debug.xcconfig */,
				690CE17324B417F0C0AB96C6 /* Pods-LolayFundamenta.release.xcconfig */,
				49980485D8FE3A5CB12ECA57 /* Pods-LolayFundamenta-LolayFundamentaTests.debug.xcconfig */,
				B0A574855E71BEBC245B12D7 /* Pods-LolayFundamenta-LolayFundamentaTests.release.xcconfig */,
			);
			path = Pods;
			sourceTree = "<group>";
		};
		4ECB5C722232260B008D76EA = {
			isa = PBXGroup;
			children = (
				4E6479B222625ADB00F63485 /* README.md */,
				4E6479B022625ACB00F63485 /* LolayFundamenta.podspec */,
				4ECB5C7E2232260B008D76EA /* LolayFundamenta */,
				4ECB5C892232260B008D76EA /* LolayFundamentaTests */,
				4ECB5C7D2232260B008D76EA /* Products */,
				3C5B734B4DCE7D6316F6229B /* Pods */,
				DA9CA9618B02E4951BAE648E /* Frameworks */,
			);
			sourceTree = "<group>";
		};
		4ECB5C7D2232260B008D76EA /* Products */ = {
			isa = PBXGroup;
			children = (
				4ECB5C7C2232260B008D76EA /* LolayFundamenta.framework */,
				4ECB5C852232260B008D76EA /* LolayFundamentaTests.xctest */,
			);
			name = Products;
			sourceTree = "<group>";
		};
		4ECB5C7E2232260B008D76EA /* LolayFundamenta */ = {
			isa = PBXGroup;
			children = (
				4ECB5C7F2232260B008D76EA /* LolayFundamenta.h */,
				4ECB5C802232260B008D76EA /* Info.plist */,
				4E6479B42263A52800F63485 /* String+LolayFundamenta.swift */,
				4E6479B62263A59A00F63485 /* DispatchQueue+LolayFundamenta.swift */,
				4EFC6D88226422D8006430C4 /* OSLog+LolayFundamenta.swift */,
			);
			path = LolayFundamenta;
			sourceTree = "<group>";
		};
		4ECB5C892232260B008D76EA /* LolayFundamentaTests */ = {
			isa = PBXGroup;
			children = (
				4ECB5C8C2232260B008D76EA /* Info.plist */,
				4E6479BA2263A9C700F63485 /* StringTests.swift */,
				4E6479BC2263AC1900F63485 /* DispatchQueueTests.swift */,
				4EFC6D8A22642662006430C4 /* OSLogTests.swift */,
			);
			path = LolayFundamentaTests;
			sourceTree = "<group>";
		};
		DA9CA9618B02E4951BAE648E /* Frameworks */ = {
			isa = PBXGroup;
			children = (
				8701DBC4A978E3347DB05E3E /* libPods-LolayFundamenta.a */,
				D573669C4403495E3D0C30AC /* libPods-LolayFundamenta-LolayFundamentaTests.a */,
			);
			name = Frameworks;
			sourceTree = "<group>";
		};
/* End PBXGroup section */

/* Begin PBXHeadersBuildPhase section */
		4ECB5C772232260B008D76EA /* Headers */ = {
			isa = PBXHeadersBuildPhase;
			buildActionMask = 2147483647;
			files = (
				4ECB5C8D2232260B008D76EA /* LolayFundamenta.h in Headers */,
			);
			runOnlyForDeploymentPostprocessing = 0;
		};
/* End PBXHeadersBuildPhase section */

/* Begin PBXNativeTarget section */
		4ECB5C7B2232260B008D76EA /* LolayFundamenta */ = {
			isa = PBXNativeTarget;
			buildConfigurationList = 4ECB5C902232260B008D76EA /* Build configuration list for PBXNativeTarget "LolayFundamenta" */;
			buildPhases = (
				EDC7F8149CFD032B88140655 /* [CP] Check Pods Manifest.lock */,
				4ECB5C772232260B008D76EA /* Headers */,
				4ECB5C782232260B008D76EA /* Sources */,
				4ECB5C792232260B008D76EA /* Frameworks */,
				4ECB5C7A2232260B008D76EA /* Resources */,
			);
			buildRules = (
			);
			dependencies = (
			);
			name = LolayFundamenta;
			productName = LolayFundamenta;
			productReference = 4ECB5C7C2232260B008D76EA /* LolayFundamenta.framework */;
			productType = "com.apple.product-type.framework";
		};
		4ECB5C842232260B008D76EA /* LolayFundamentaTests */ = {
			isa = PBXNativeTarget;
			buildConfigurationList = 4ECB5C932232260B008D76EA /* Build configuration list for PBXNativeTarget "LolayFundamentaTests" */;
			buildPhases = (
				F4586B6B6BA7BD3FFE23E470 /* [CP] Check Pods Manifest.lock */,
				4ECB5C812232260B008D76EA /* Sources */,
				4ECB5C822232260B008D76EA /* Frameworks */,
				4ECB5C832232260B008D76EA /* Resources */,
			);
			buildRules = (
			);
			dependencies = (
				4ECB5C882232260B008D76EA /* PBXTargetDependency */,
			);
			name = LolayFundamentaTests;
			productName = LolayFundamentaTests;
			productReference = 4ECB5C852232260B008D76EA /* LolayFundamentaTests.xctest */;
			productType = "com.apple.product-type.bundle.unit-test";
		};
/* End PBXNativeTarget section */

/* Begin PBXProject section */
		4ECB5C732232260B008D76EA /* Project object */ = {
			isa = PBXProject;
			attributes = {
				LastSwiftUpdateCheck = 1010;
				LastUpgradeCheck = 1420;
				ORGANIZATIONNAME = "Lolay, Inc.";
				TargetAttributes = {
					4ECB5C7B2232260B008D76EA = {
						CreatedOnToolsVersion = 10.1;
						LastSwiftMigration = 1020;
					};
					4ECB5C842232260B008D76EA = {
						CreatedOnToolsVersion = 10.1;
					};
				};
			};
			buildConfigurationList = 4ECB5C762232260B008D76EA /* Build configuration list for PBXProject "LolayFundamenta" */;
			compatibilityVersion = "Xcode 9.3";
			developmentRegion = en;
			hasScannedForEncodings = 0;
			knownRegions = (
				en,
				Base,
			);
			mainGroup = 4ECB5C722232260B008D76EA;
			productRefGroup = 4ECB5C7D2232260B008D76EA /* Products */;
			projectDirPath = "";
			projectRoot = "";
			targets = (
				4ECB5C7B2232260B008D76EA /* LolayFundamenta */,
				4ECB5C842232260B008D76EA /* LolayFundamentaTests */,
			);
		};
/* End PBXProject section */

/* Begin PBXResourcesBuildPhase section */
		4ECB5C7A2232260B008D76EA /* Resources */ = {
			isa = PBXResourcesBuildPhase;
			buildActionMask = 2147483647;
			files = (
			);
			runOnlyForDeploymentPostprocessing = 0;
		};
		4ECB5C832232260B008D76EA /* Resources */ = {
			isa = PBXResourcesBuildPhase;
			buildActionMask = 2147483647;
			files = (
			);
			runOnlyForDeploymentPostprocessing = 0;
		};
/* End PBXResourcesBuildPhase section */

/* Begin PBXShellScriptBuildPhase section */
		EDC7F8149CFD032B88140655 /* [CP] Check Pods Manifest.lock */ = {
			isa = PBXShellScriptBuildPhase;
			buildActionMask = 2147483647;
			files = (
			);
			inputFileListPaths = (
			);
			inputPaths = (
				"${PODS_PODFILE_DIR_PATH}/Podfile.lock",
				"${PODS_ROOT}/Manifest.lock",
			);
			name = "[CP] Check Pods Manifest.lock";
			outputFileListPaths = (
			);
			outputPaths = (
				"$(DERIVED_FILE_DIR)/Pods-LolayFundamenta-checkManifestLockResult.txt",
			);
			runOnlyForDeploymentPostprocessing = 0;
			shellPath = /bin/sh;
			shellScript = "diff \"${PODS_PODFILE_DIR_PATH}/Podfile.lock\" \"${PODS_ROOT}/Manifest.lock\" > /dev/null\nif [ $? != 0 ] ; then\n    # print error to STDERR\n    echo \"error: The sandbox is not in sync with the Podfile.lock. Run 'pod install' or update your CocoaPods installation.\" >&2\n    exit 1\nfi\n# This output is used by Xcode 'outputs' to avoid re-running this script phase.\necho \"SUCCESS\" > \"${SCRIPT_OUTPUT_FILE_0}\"\n";
			showEnvVarsInLog = 0;
		};
		F4586B6B6BA7BD3FFE23E470 /* [CP] Check Pods Manifest.lock */ = {
			isa = PBXShellScriptBuildPhase;
			buildActionMask = 2147483647;
			files = (
			);
			inputFileListPaths = (
			);
			inputPaths = (
				"${PODS_PODFILE_DIR_PATH}/Podfile.lock",
				"${PODS_ROOT}/Manifest.lock",
			);
			name = "[CP] Check Pods Manifest.lock";
			outputFileListPaths = (
			);
			outputPaths = (
				"$(DERIVED_FILE_DIR)/Pods-LolayFundamenta-LolayFundamentaTests-checkManifestLockResult.txt",
			);
			runOnlyForDeploymentPostprocessing = 0;
			shellPath = /bin/sh;
			shellScript = "diff \"${PODS_PODFILE_DIR_PATH}/Podfile.lock\" \"${PODS_ROOT}/Manifest.lock\" > /dev/null\nif [ $? != 0 ] ; then\n    # print error to STDERR\n    echo \"error: The sandbox is not in sync with the Podfile.lock. Run 'pod install' or update your CocoaPods installation.\" >&2\n    exit 1\nfi\n# This output is used by Xcode 'outputs' to avoid re-running this script phase.\necho \"SUCCESS\" > \"${SCRIPT_OUTPUT_FILE_0}\"\n";
			showEnvVarsInLog = 0;
		};
/* End PBXShellScriptBuildPhase section */

/* Begin PBXSourcesBuildPhase section */
		4ECB5C782232260B008D76EA /* Sources */ = {
			isa = PBXSourcesBuildPhase;
			buildActionMask = 2147483647;
			files = (
				4E6479B72263A59A00F63485 /* DispatchQueue+LolayFundamenta.swift in Sources */,
				4E6479B52263A52800F63485 /* String+LolayFundamenta.swift in Sources */,
				4EFC6D89226422D8006430C4 /* OSLog+LolayFundamenta.swift in Sources */,
			);
			runOnlyForDeploymentPostprocessing = 0;
		};
		4ECB5C812232260B008D76EA /* Sources */ = {
			isa = PBXSourcesBuildPhase;
			buildActionMask = 2147483647;
			files = (
				4E6479BB2263A9C700F63485 /* StringTests.swift in Sources */,
				4EFC6D8B22642662006430C4 /* OSLogTests.swift in Sources */,
				4E6479BD2263AC1900F63485 /* DispatchQueueTests.swift in Sources */,
			);
			runOnlyForDeploymentPostprocessing = 0;
		};
/* End PBXSourcesBuildPhase section */

/* Begin PBXTargetDependency section */
		4ECB5C882232260B008D76EA /* PBXTargetDependency */ = {
			isa = PBXTargetDependency;
			target = 4ECB5C7B2232260B008D76EA /* LolayFundamenta */;
			targetProxy = 4ECB5C872232260B008D76EA /* PBXContainerItemProxy */;
		};
/* End PBXTargetDependency section */

/* Begin XCBuildConfiguration section */
		4ECB5C8E2232260B008D76EA /* Debug */ = {
			isa = XCBuildConfiguration;
			buildSettings = {
				ALWAYS_SEARCH_USER_PATHS = NO;
				CLANG_ANALYZER_NONNULL = YES;
				CLANG_ANALYZER_NUMBER_OBJECT_CONVERSION = YES_AGGRESSIVE;
				CLANG_CXX_LANGUAGE_STANDARD = "gnu++14";
				CLANG_CXX_LIBRARY = "libc++";
				CLANG_ENABLE_MODULES = YES;
				CLANG_ENABLE_OBJC_ARC = YES;
				CLANG_ENABLE_OBJC_WEAK = YES;
				CLANG_WARN_BLOCK_CAPTURE_AUTORELEASING = YES;
				CLANG_WARN_BOOL_CONVERSION = YES;
				CLANG_WARN_COMMA = YES;
				CLANG_WARN_CONSTANT_CONVERSION = YES;
				CLANG_WARN_DEPRECATED_OBJC_IMPLEMENTATIONS = YES;
				CLANG_WARN_DIRECT_OBJC_ISA_USAGE = YES_ERROR;
				CLANG_WARN_DOCUMENTATION_COMMENTS = YES;
				CLANG_WARN_EMPTY_BODY = YES;
				CLANG_WARN_ENUM_CONVERSION = YES;
				CLANG_WARN_INFINITE_RECURSION = YES;
				CLANG_WARN_INT_CONVERSION = YES;
				CLANG_WARN_NON_LITERAL_NULL_CONVERSION = YES;
				CLANG_WARN_OBJC_IMPLICIT_RETAIN_SELF = YES;
				CLANG_WARN_OBJC_LITERAL_CONVERSION = YES;
				CLANG_WARN_OBJC_ROOT_CLASS = YES_ERROR;
				CLANG_WARN_QUOTED_INCLUDE_IN_FRAMEWORK_HEADER = YES;
				CLANG_WARN_RANGE_LOOP_ANALYSIS = YES;
				CLANG_WARN_STRICT_PROTOTYPES = YES;
				CLANG_WARN_SUSPICIOUS_MOVE = YES;
				CLANG_WARN_UNGUARDED_AVAILABILITY = YES_AGGRESSIVE;
				CLANG_WARN_UNREACHABLE_CODE = YES;
				CLANG_WARN__DUPLICATE_METHOD_MATCH = YES;
				CODE_SIGN_IDENTITY = "iPhone Developer";
				COPY_PHASE_STRIP = NO;
				CURRENT_PROJECT_VERSION = 1;
				DEBUG_INFORMATION_FORMAT = dwarf;
				ENABLE_STRICT_OBJC_MSGSEND = YES;
				ENABLE_TESTABILITY = YES;
				GCC_C_LANGUAGE_STANDARD = gnu11;
				GCC_DYNAMIC_NO_PIC = NO;
				GCC_NO_COMMON_BLOCKS = YES;
				GCC_OPTIMIZATION_LEVEL = 0;
				GCC_PREPROCESSOR_DEFINITIONS = (
					"DEBUG=1",
					"$(inherited)",
				);
				GCC_WARN_64_TO_32_BIT_CONVERSION = YES;
				GCC_WARN_ABOUT_RETURN_TYPE = YES_ERROR;
				GCC_WARN_UNDECLARED_SELECTOR = YES;
				GCC_WARN_UNINITIALIZED_AUTOS = YES_AGGRESSIVE;
				GCC_WARN_UNUSED_FUNCTION = YES;
				GCC_WARN_UNUSED_VARIABLE = YES;
				IPHONEOS_DEPLOYMENT_TARGET = 16.0;
				MTL_ENABLE_DEBUG_INFO = INCLUDE_SOURCE;
				MTL_FAST_MATH = YES;
				ONLY_ACTIVE_ARCH = YES;
				SDKROOT = iphoneos;
				SWIFT_ACTIVE_COMPILATION_CONDITIONS = DEBUG;
				SWIFT_OPTIMIZATION_LEVEL = "-Onone";
				SWIFT_VERSION = 5.0;
				VERSIONING_SYSTEM = "apple-generic";
				VERSION_INFO_PREFIX = "";
			};
			name = Debug;
		};
		4ECB5C8F2232260B008D76EA /* Release */ = {
			isa = XCBuildConfiguration;
			buildSettings = {
				ALWAYS_SEARCH_USER_PATHS = NO;
				CLANG_ANALYZER_NONNULL = YES;
				CLANG_ANALYZER_NUMBER_OBJECT_CONVERSION = YES_AGGRESSIVE;
				CLANG_CXX_LANGUAGE_STANDARD = "gnu++14";
				CLANG_CXX_LIBRARY = "libc++";
				CLANG_ENABLE_MODULES = YES;
				CLANG_ENABLE_OBJC_ARC = YES;
				CLANG_ENABLE_OBJC_WEAK = YES;
				CLANG_WARN_BLOCK_CAPTURE_AUTORELEASING = YES;
				CLANG_WARN_BOOL_CONVERSION = YES;
				CLANG_WARN_COMMA = YES;
				CLANG_WARN_CONSTANT_CONVERSION = YES;
				CLANG_WARN_DEPRECATED_OBJC_IMPLEMENTATIONS = YES;
				CLANG_WARN_DIRECT_OBJC_ISA_USAGE = YES_ERROR;
				CLANG_WARN_DOCUMENTATION_COMMENTS = YES;
				CLANG_WARN_EMPTY_BODY = YES;
				CLANG_WARN_ENUM_CONVERSION = YES;
				CLANG_WARN_INFINITE_RECURSION = YES;
				CLANG_WARN_INT_CONVERSION = YES;
				CLANG_WARN_NON_LITERAL_NULL_CONVERSION = YES;
				CLANG_WARN_OBJC_IMPLICIT_RETAIN_SELF = YES;
				CLANG_WARN_OBJC_LITERAL_CONVERSION = YES;
				CLANG_WARN_OBJC_ROOT_CLASS = YES_ERROR;
				CLANG_WARN_QUOTED_INCLUDE_IN_FRAMEWORK_HEADER = YES;
				CLANG_WARN_RANGE_LOOP_ANALYSIS = YES;
				CLANG_WARN_STRICT_PROTOTYPES = YES;
				CLANG_WARN_SUSPICIOUS_MOVE = YES;
				CLANG_WARN_UNGUARDED_AVAILABILITY = YES_AGGRESSIVE;
				CLANG_WARN_UNREACHABLE_CODE = YES;
				CLANG_WARN__DUPLICATE_METHOD_MATCH = YES;
				CODE_SIGN_IDENTITY = "iPhone Developer";
				COPY_PHASE_STRIP = NO;
				CURRENT_PROJECT_VERSION = 1;
				DEBUG_INFORMATION_FORMAT = "dwarf-with-dsym";
				ENABLE_NS_ASSERTIONS = NO;
				ENABLE_STRICT_OBJC_MSGSEND = YES;
				GCC_C_LANGUAGE_STANDARD = gnu11;
				GCC_NO_COMMON_BLOCKS = YES;
				GCC_WARN_64_TO_32_BIT_CONVERSION = YES;
				GCC_WARN_ABOUT_RETURN_TYPE = YES_ERROR;
				GCC_WARN_UNDECLARED_SELECTOR = YES;
				GCC_WARN_UNINITIALIZED_AUTOS = YES_AGGRESSIVE;
				GCC_WARN_UNUSED_FUNCTION = YES;
				GCC_WARN_UNUSED_VARIABLE = YES;
				IPHONEOS_DEPLOYMENT_TARGET = 16.0;
				MTL_ENABLE_DEBUG_INFO = NO;
				MTL_FAST_MATH = YES;
				SDKROOT = iphoneos;
				SWIFT_COMPILATION_MODE = wholemodule;
				SWIFT_OPTIMIZATION_LEVEL = "-O";
				SWIFT_VERSION = 5.0;
				VALIDATE_PRODUCT = YES;
				VERSIONING_SYSTEM = "apple-generic";
				VERSION_INFO_PREFIX = "";
			};
			name = Release;
		};
		4ECB5C912232260B008D76EA /* Debug */ = {
			isa = XCBuildConfiguration;
			baseConfigurationReference = 49ACBC6A1E298DDB6C7482D5 /* Pods-LolayFundamenta.debug.xcconfig */;
			buildSettings = {
				CLANG_ENABLE_MODULES = YES;
				CODE_SIGN_IDENTITY = "";
				CODE_SIGN_STYLE = Automatic;
				CURRENT_PROJECT_VERSION = 2;
				DEFINES_MODULE = YES;
				DEVELOPMENT_TEAM = 4KQ6DV2XX8;
				DYLIB_COMPATIBILITY_VERSION = 1;
				DYLIB_CURRENT_VERSION = 1;
				DYLIB_INSTALL_NAME_BASE = "@rpath";
				INFOPLIST_FILE = LolayFundamenta/Info.plist;
				INSTALL_PATH = "$(LOCAL_LIBRARY_DIR)/Frameworks";
				IPHONEOS_DEPLOYMENT_TARGET = 16.0;
				LD_RUNPATH_SEARCH_PATHS = (
					"$(inherited)",
					"@executable_path/Frameworks",
					"@loader_path/Frameworks",
				);
				MARKETING_VERSION = 4.3;
				PRODUCT_BUNDLE_IDENTIFIER = org.lolay.LolayFundamenta;
				PRODUCT_NAME = "$(TARGET_NAME:c99extidentifier)";
				SKIP_INSTALL = YES;
				SWIFT_OPTIMIZATION_LEVEL = "-Onone";
				TARGETED_DEVICE_FAMILY = "1,2";
			};
			name = Debug;
		};
		4ECB5C922232260B008D76EA /* Release */ = {
			isa = XCBuildConfiguration;
			baseConfigurationReference = 690CE17324B417F0C0AB96C6 /* Pods-LolayFundamenta.release.xcconfig */;
			buildSettings = {
				CLANG_ENABLE_MODULES = YES;
				CODE_SIGN_IDENTITY = "";
				CODE_SIGN_STYLE = Automatic;
				CURRENT_PROJECT_VERSION = 2;
				DEFINES_MODULE = YES;
				DEVELOPMENT_TEAM = 4KQ6DV2XX8;
				DYLIB_COMPATIBILITY_VERSION = 1;
				DYLIB_CURRENT_VERSION = 1;
				DYLIB_INSTALL_NAME_BASE = "@rpath";
				INFOPLIST_FILE = LolayFundamenta/Info.plist;
				INSTALL_PATH = "$(LOCAL_LIBRARY_DIR)/Frameworks";
				IPHONEOS_DEPLOYMENT_TARGET = 16.0;
				LD_RUNPATH_SEARCH_PATHS = (
					"$(inherited)",
					"@executable_path/Frameworks",
					"@loader_path/Frameworks",
				);
				MARKETING_VERSION = 4.3;
				PRODUCT_BUNDLE_IDENTIFIER = org.lolay.LolayFundamenta;
				PRODUCT_NAME = "$(TARGET_NAME:c99extidentifier)";
				SKIP_INSTALL = YES;
				TARGETED_DEVICE_FAMILY = "1,2";
			};
			name = Release;
		};
		4ECB5C942232260B008D76EA /* Debug */ = {
			isa = XCBuildConfiguration;
			baseConfigurationReference = 49980485D8FE3A5CB12ECA57 /* Pods-LolayFundamenta-LolayFundamentaTests.debug.xcconfig */;
			buildSettings = {
				ALWAYS_EMBED_SWIFT_STANDARD_LIBRARIES = YES;
				CODE_SIGN_STYLE = Automatic;
				DEVELOPMENT_TEAM = 4KQ6DV2XX8;
				INFOPLIST_FILE = LolayFundamentaTests/Info.plist;
				IPHONEOS_DEPLOYMENT_TARGET = 16.0;
				LD_RUNPATH_SEARCH_PATHS = (
					"$(inherited)",
					"@executable_path/Frameworks",
					"@loader_path/Frameworks",
				);
				PRODUCT_BUNDLE_IDENTIFIER = org.lolay.LolayFundamentaTests;
				PRODUCT_NAME = "$(TARGET_NAME)";
				TARGETED_DEVICE_FAMILY = "1,2";
			};
			name = Debug;
		};
		4ECB5C952232260B008D76EA /* Release */ = {
			isa = XCBuildConfiguration;
			baseConfigurationReference = B0A574855E71BEBC245B12D7 /* Pods-LolayFundamenta-LolayFundamentaTests.release.xcconfig */;
			buildSettings = {
				ALWAYS_EMBED_SWIFT_STANDARD_LIBRARIES = YES;
				CODE_SIGN_STYLE = Automatic;
				DEVELOPMENT_TEAM = 4KQ6DV2XX8;
				INFOPLIST_FILE = LolayFundamentaTests/Info.plist;
				IPHONEOS_DEPLOYMENT_TARGET = 16.0;
				LD_RUNPATH_SEARCH_PATHS = (
					"$(inherited)",
					"@executable_path/Frameworks",
					"@loader_path/Frameworks",
				);
				PRODUCT_BUNDLE_IDENTIFIER = org.lolay.LolayFundamentaTests;
				PRODUCT_NAME = "$(TARGET_NAME)";
				TARGETED_DEVICE_FAMILY = "1,2";
			};
			name = Release;
		};
/* End XCBuildConfiguration section */

/* Begin XCConfigurationList section */
		4ECB5C762232260B008D76EA /* Build configuration list for PBXProject "LolayFundamenta" */ = {
			isa = XCConfigurationList;
			buildConfigurations = (
				4ECB5C8E2232260B008D76EA /* Debug */,
				4ECB5C8F2232260B008D76EA /* Release */,
			);
			defaultConfigurationIsVisible = 0;
			defaultConfigurationName = Release;
		};
		4ECB5C902232260B008D76EA /* Build configuration list for PBXNativeTarget "LolayFundamenta" */ = {
			isa = XCConfigurationList;
			buildConfigurations = (
				4ECB5C912232260B008D76EA /* Debug */,
				4ECB5C922232260B008D76EA /* Release */,
			);
			defaultConfigurationIsVisible = 0;
			defaultConfigurationName = Release;
		};
		4ECB5C932232260B008D76EA /* Build configuration list for PBXNativeTarget "LolayFundamentaTests" */ = {
			isa = XCConfigurationList;
			buildConfigurations = (
				4ECB5C942232260B008D76EA /* Debug */,
				4ECB5C952232260B008D76EA /* Release */,
			);
			defaultConfigurationIsVisible = 0;
			defaultConfigurationName = Release;
		};
/* End XCConfigurationList section */
	};
	rootObject = 4ECB5C732232260B008D76EA /* Project object */;
}
